{
    "_readme": [
        "This file locks the dependencies of your project to a known state",
        "Read more about it at https://getcomposer.org/doc/01-basic-usage.md#installing-dependencies",
        "This file is @generated automatically"
    ],
    "content-hash": "df6bd9473357260fd36d2e4c89562d6f",
    "packages": [
        {
            "name": "workerman/mysql",
            "version": "v1.0.6",
            "source": {
                "type": "git",
                "url": "https://github.com/walkor/mysql.git",
                "reference": "28272aa68f9ea1a482f9bb0cf709d169f772d228"
            },
            "dist": {
                "type": "zip",
                "url": "https://api.github.com/repos/walkor/mysql/zipball/28272aa68f9ea1a482f9bb0cf709d169f772d228",
                "reference": "28272aa68f9ea1a482f9bb0cf709d169f772d228",
                "shasum": ""
            },
            "require": {
                "ext-pdo": "*",
                "ext-pdo_mysql": "*",
                "php": ">=5.3"
            },
            "type": "library",
            "autoload": {
                "psr-4": {
                    "Workerman\\MySQL\\": "./src"
                }
            },
            "notification-url": "https://packagist.org/downloads/",
            "license": [
                "MIT"
            ],
            "description": "Long-living MySQL connection for daemon.",
            "homepage": "http://www.workerman.net",
            "keywords": [
                "mysql",
                "pdo",
                "pdo_mysql"
            ],
            "time": "2019-08-02T10:43:09+00:00"
        }
    ],
    "packages-dev": [],
    "aliases": [],
    "minimum-stability": "stable",
    "stability-flags": [],
    "prefer-stable": false,
    "prefer-lowest": false,
    "platform": [],
    "platform-dev": []
}
